
Microsoft Visual Studio Solution File, Format Version 12.00
# Visual Studio 14
VisualStudioVersion = 14.0.25420.1
MinimumVisualStudioVersion = 10.0.40219.1
Project("{FAE04EC0-301F-11D3-BF4B-00C04F79EFBC}") = "HotelManager.API", "HotelManager\HotelManager.API.csproj", "{AD33B4F2-C57F-49B3-8375-A1E227A7C52E}"
EndProject
Project("{FAE04EC0-301F-11D3-BF4B-00C04F79EFBC}") = "HotelManager.Data", "HotelManager.Data\HotelManager.Data.csproj", "{9C67FCF0-7207-44C3-B65C-63CC78DA9009}"
EndProject
Global
	GlobalSection(SolutionConfigurationPlatforms) = preSolution
		Debug|Any CPU = Debug|Any CPU
		Release|Any CPU = Release|Any CPU
	EndGlobalSection
	GlobalSection(ProjectConfigurationPlatforms) = postSolution
		{AD33B4F2-C57F-49B3-8375-A1E227A7C52E}.Debug|Any CPU.ActiveCfg = Debug|Any CPU
		{AD33B4F2-C57F-49B3-8375-A1E227A7C52E}.Debug|Any CPU.Build.0 = Debug|Any CPU
		{AD33B4F2-C57F-49B3-8375-A1E227A7C52E}.Release|Any CPU.ActiveCfg = Release|Any CPU
		{AD33B4F2-C57F-49B3-8375-A1E227A7C52E}.Release|Any CPU.Build.0 = Release|Any CPU
		{9C67FCF0-7207-44C3-B65C-63CC78DA9009}.Debug|Any CPU.ActiveCfg = Debug|Any CPU
		{9C67FCF0-7207-44C3-B65C-63CC78DA9009}.Debug|Any CPU.Build.0 = Debug|Any CPU
		{9C67FCF0-7207-44C3-B65C-63CC78DA9009}.Release|Any CPU.ActiveCfg = Release|Any CPU
		{9C67FCF0-7207-44C3-B65C-63CC78DA9009}.Release|Any CPU.Build.0 = Release|Any CPU
	EndGlobalSection
	GlobalSection(SolutionProperties) = preSolution
		HideSolutionNode = FALSE
	EndGlobalSection
EndGlobal
